// !$*UTF8*$!
{
	archiveVersion = 1;
	classes = {
	};
	objectVersion = 50;
	objects = {

/* Begin PBXBuildFile section */
		710DB8D72482E6260064B088 /* KeychainError.swift in Sources */ = {isa = PBXBuildFile; fileRef = 710DB8D62482E6260064B088 /* KeychainError.swift */; };
		710DB8DD248351D40064B088 /* CodeScannerView.swift in Sources */ = {isa = PBXBuildFile; fileRef = 710DB8DC248351D40064B088 /* CodeScannerView.swift */; };
		711BED03248F1DEE00D15CC9 /* DataTaskError.swift in Sources */ = {isa = PBXBuildFile; fileRef = 711BED02248F1DEE00D15CC9 /* DataTaskError.swift */; };
		713F1A50248194CE00E24C40 /* SearchModel.swift in Sources */ = {isa = PBXBuildFile; fileRef = 713F1A4F248194CE00E24C40 /* SearchModel.swift */; };
		719E6602248481740040ABD9 /* LoginView.swift in Sources */ = {isa = PBXBuildFile; fileRef = 719E6601248481740040ABD9 /* LoginView.swift */; };
		719E6604248481ED0040ABD9 /* LoginViewModel.swift in Sources */ = {isa = PBXBuildFile; fileRef = 719E6603248481ED0040ABD9 /* LoginViewModel.swift */; };
		719E6606248485D50040ABD9 /* Credentials.swift in Sources */ = {isa = PBXBuildFile; fileRef = 719E6605248485D50040ABD9 /* Credentials.swift */; };
		71CBCC6324916A3E00F8A2E7 /* DeviceDetailViewModel.swift in Sources */ = {isa = PBXBuildFile; fileRef = 71CBCC6224916A3E00F8A2E7 /* DeviceDetailViewModel.swift */; };
		71E1C277247F6BFE00113824 /* InfoSheetView.swift in Sources */ = {isa = PBXBuildFile; fileRef = 71E1C276247F6BFE00113824 /* InfoSheetView.swift */; };
		71E1C279247F6E6A00113824 /* OptionSheet.swift in Sources */ = {isa = PBXBuildFile; fileRef = 71E1C278247F6E6A00113824 /* OptionSheet.swift */; };
		71F7058A248DC03B0089387E /* WipeRequest.swift in Sources */ = {isa = PBXBuildFile; fileRef = 71F70589248DC03B0089387E /* WipeRequest.swift */; };
		71F7058C248DC07A0089387E /* DeviceUpdateRequest.swift in Sources */ = {isa = PBXBuildFile; fileRef = 71F7058B248DC07A0089387E /* DeviceUpdateRequest.swift */; };
		71F7058E248DC0D30089387E /* JSResponse.swift in Sources */ = {isa = PBXBuildFile; fileRef = 71F7058D248DC0D30089387E /* JSResponse.swift */; };
		71F70592248DEE760089387E /* DeviceDetailView.swift in Sources */ = {isa = PBXBuildFile; fileRef = 71F70591248DEE760089387E /* DeviceDetailView.swift */; };
		71FD3D50247F241C001CC553 /* AppDelegate.swift in Sources */ = {isa = PBXBuildFile; fileRef = 71FD3D4F247F241C001CC553 /* AppDelegate.swift */; };
		71FD3D52247F241C001CC553 /* SceneDelegate.swift in Sources */ = {isa = PBXBuildFile; fileRef = 71FD3D51247F241C001CC553 /* SceneDelegate.swift */; };
		71FD3D54247F241C001CC553 /* ContentView.swift in Sources */ = {isa = PBXBuildFile; fileRef = 71FD3D53247F241C001CC553 /* ContentView.swift */; };
		71FD3D56247F241E001CC553 /* Assets.xcassets in Resources */ = {isa = PBXBuildFile; fileRef = 71FD3D55247F241E001CC553 /* Assets.xcassets */; };
		71FD3D59247F241E001CC553 /* Preview Assets.xcassets in Resources */ = {isa = PBXBuildFile; fileRef = 71FD3D58247F241E001CC553 /* Preview Assets.xcassets */; };
		71FD3D5C247F241E001CC553 /* LaunchScreen.storyboard in Resources */ = {isa = PBXBuildFile; fileRef = 71FD3D5A247F241E001CC553 /* LaunchScreen.storyboard */; };
		71FD3D67247F241E001CC553 /* wiperatorTests.swift in Sources */ = {isa = PBXBuildFile; fileRef = 71FD3D66247F241E001CC553 /* wiperatorTests.swift */; };
		71FD3D72247F241E001CC553 /* wiperatorUITests.swift in Sources */ = {isa = PBXBuildFile; fileRef = 71FD3D71247F241E001CC553 /* wiperatorUITests.swift */; };
		71FD3D83247F2461001CC553 /* URLSessionExtension.swift in Sources */ = {isa = PBXBuildFile; fileRef = 71FD3D80247F2461001CC553 /* URLSessionExtension.swift */; };
		71FD3D84247F2461001CC553 /* StringExtension.swift in Sources */ = {isa = PBXBuildFile; fileRef = 71FD3D81247F2461001CC553 /* StringExtension.swift */; };
		71FD3D85247F2461001CC553 /* URLRequestExtension.swift in Sources */ = {isa = PBXBuildFile; fileRef = 71FD3D82247F2461001CC553 /* URLRequestExtension.swift */; };
		71FD3D88247F246B001CC553 /* Device.swift in Sources */ = {isa = PBXBuildFile; fileRef = 71FD3D87247F246B001CC553 /* Device.swift */; };
		71FD3D8E247F4155001CC553 /* DeviceListView.swift in Sources */ = {isa = PBXBuildFile; fileRef = 71FD3D8D247F4155001CC553 /* DeviceListView.swift */; };
		71FD3D90247F465F001CC553 /* URLBuilder.swift in Sources */ = {isa = PBXBuildFile; fileRef = 71FD3D8F247F465F001CC553 /* URLBuilder.swift */; };
		71FD3D93247F46A7001CC553 /* ContentViewModel.swift in Sources */ = {isa = PBXBuildFile; fileRef = 71FD3D92247F46A7001CC553 /* ContentViewModel.swift */; };
/* End PBXBuildFile section */

/* Begin PBXContainerItemProxy section */
		71FD3D63247F241E001CC553 /* PBXContainerItemProxy */ = {
			isa = PBXContainerItemProxy;
			containerPortal = 71FD3D44247F241C001CC553 /* Project object */;
			proxyType = 1;
			remoteGlobalIDString = 71FD3D4B247F241C001CC553;
			remoteInfo = wiperator;
		};
		71FD3D6E247F241E001CC553 /* PBXContainerItemProxy */ = {
			isa = PBXContainerItemProxy;
			containerPortal = 71FD3D44247F241C001CC553 /* Project object */;
			proxyType = 1;
			remoteGlobalIDString = 71FD3D4B247F241C001CC553;
			remoteInfo = wiperator;
		};
/* End PBXContainerItemProxy section */

/* Begin PBXFileReference section */
		710DB8D62482E6260064B088 /* KeychainError.swift */ = {isa = PBXFileReference; lastKnownFileType = sourcecode.swift; path = KeychainError.swift; sourceTree = "<group>"; };
		710DB8DC248351D40064B088 /* CodeScannerView.swift */ = {isa = PBXFileReference; lastKnownFileType = sourcecode.swift; path = CodeScannerView.swift; sourceTree = "<group>"; };
		711BED02248F1DEE00D15CC9 /* DataTaskError.swift */ = {isa = PBXFileReference; lastKnownFileType = sourcecode.swift; path = DataTaskError.swift; sourceTree = "<group>"; };
		713F1A4F248194CE00E24C40 /* SearchModel.swift */ = {isa = PBXFileReference; lastKnownFileType = sourcecode.swift; path = SearchModel.swift; sourceTree = "<group>"; };
		719E6601248481740040ABD9 /* LoginView.swift */ = {isa = PBXFileReference; lastKnownFileType = sourcecode.swift; path = LoginView.swift; sourceTree = "<group>"; };
		719E6603248481ED0040ABD9 /* LoginViewModel.swift */ = {isa = PBXFileReference; lastKnownFileType = sourcecode.swift; path = LoginViewModel.swift; sourceTree = "<group>"; };
		719E6605248485D50040ABD9 /* Credentials.swift */ = {isa = PBXFileReference; lastKnownFileType = sourcecode.swift; path = Credentials.swift; sourceTree = "<group>"; };
		71CBCC6224916A3E00F8A2E7 /* DeviceDetailViewModel.swift */ = {isa = PBXFileReference; lastKnownFileType = sourcecode.swift; path = DeviceDetailViewModel.swift; sourceTree = "<group>"; };
		71E1C276247F6BFE00113824 /* InfoSheetView.swift */ = {isa = PBXFileReference; lastKnownFileType = sourcecode.swift; path = InfoSheetView.swift; sourceTree = "<group>"; };
		71E1C278247F6E6A00113824 /* OptionSheet.swift */ = {isa = PBXFileReference; lastKnownFileType = sourcecode.swift; path = OptionSheet.swift; sourceTree = "<group>"; };
		71F70589248DC03B0089387E /* WipeRequest.swift */ = {isa = PBXFileReference; lastKnownFileType = sourcecode.swift; path = WipeRequest.swift; sourceTree = "<group>"; };
		71F7058B248DC07A0089387E /* DeviceUpdateRequest.swift */ = {isa = PBXFileReference; lastKnownFileType = sourcecode.swift; path = DeviceUpdateRequest.swift; sourceTree = "<group>"; };
		71F7058D248DC0D30089387E /* JSResponse.swift */ = {isa = PBXFileReference; lastKnownFileType = sourcecode.swift; path = JSResponse.swift; sourceTree = "<group>"; };
		71F70591248DEE760089387E /* DeviceDetailView.swift */ = {isa = PBXFileReference; lastKnownFileType = sourcecode.swift; path = DeviceDetailView.swift; sourceTree = "<group>"; };
		71FD3D4C247F241C001CC553 /* Wiperator.app */ = {isa = PBXFileReference; explicitFileType = wrapper.application; includeInIndex = 0; path = Wiperator.app; sourceTree = BUILT_PRODUCTS_DIR; };
		71FD3D4F247F241C001CC553 /* AppDelegate.swift */ = {isa = PBXFileReference; lastKnownFileType = sourcecode.swift; path = AppDelegate.swift; sourceTree = "<group>"; };
		71FD3D51247F241C001CC553 /* SceneDelegate.swift */ = {isa = PBXFileReference; lastKnownFileType = sourcecode.swift; path = SceneDelegate.swift; sourceTree = "<group>"; };
		71FD3D53247F241C001CC553 /* ContentView.swift */ = {isa = PBXFileReference; lastKnownFileType = sourcecode.swift; path = ContentView.swift; sourceTree = "<group>"; };
		71FD3D55247F241E001CC553 /* Assets.xcassets */ = {isa = PBXFileReference; lastKnownFileType = folder.assetcatalog; path = Assets.xcassets; sourceTree = "<group>"; };
		71FD3D58247F241E001CC553 /* Preview Assets.xcassets */ = {isa = PBXFileReference; lastKnownFileType = folder.assetcatalog; path = "Preview Assets.xcassets"; sourceTree = "<group>"; };
		71FD3D5B247F241E001CC553 /* Base */ = {isa = PBXFileReference; lastKnownFileType = file.storyboard; name = Base; path = Base.lproj/LaunchScreen.storyboard; sourceTree = "<group>"; };
		71FD3D5D247F241E001CC553 /* Info.plist */ = {isa = PBXFileReference; lastKnownFileType = text.plist.xml; path = Info.plist; sourceTree = "<group>"; };
		71FD3D62247F241E001CC553 /* wiperatorTests.xctest */ = {isa = PBXFileReference; explicitFileType = wrapper.cfbundle; includeInIndex = 0; path = wiperatorTests.xctest; sourceTree = BUILT_PRODUCTS_DIR; };
		71FD3D66247F241E001CC553 /* wiperatorTests.swift */ = {isa = PBXFileReference; lastKnownFileType = sourcecode.swift; path = wiperatorTests.swift; sourceTree = "<group>"; };
		71FD3D68247F241E001CC553 /* Info.plist */ = {isa = PBXFileReference; lastKnownFileType = text.plist.xml; path = Info.plist; sourceTree = "<group>"; };
		71FD3D6D247F241E001CC553 /* wiperatorUITests.xctest */ = {isa = PBXFileReference; explicitFileType = wrapper.cfbundle; includeInIndex = 0; path = wiperatorUITests.xctest; sourceTree = BUILT_PRODUCTS_DIR; };
		71FD3D71247F241E001CC553 /* wiperatorUITests.swift */ = {isa = PBXFileReference; lastKnownFileType = sourcecode.swift; path = wiperatorUITests.swift; sourceTree = "<group>"; };
		71FD3D73247F241E001CC553 /* Info.plist */ = {isa = PBXFileReference; lastKnownFileType = text.plist.xml; path = Info.plist; sourceTree = "<group>"; };
		71FD3D80247F2461001CC553 /* URLSessionExtension.swift */ = {isa = PBXFileReference; fileEncoding = 4; lastKnownFileType = sourcecode.swift; path = URLSessionExtension.swift; sourceTree = "<group>"; };
		71FD3D81247F2461001CC553 /* StringExtension.swift */ = {isa = PBXFileReference; fileEncoding = 4; lastKnownFileType = sourcecode.swift; path = StringExtension.swift; sourceTree = "<group>"; };
		71FD3D82247F2461001CC553 /* URLRequestExtension.swift */ = {isa = PBXFileReference; fileEncoding = 4; lastKnownFileType = sourcecode.swift; path = URLRequestExtension.swift; sourceTree = "<group>"; };
		71FD3D87247F246B001CC553 /* Device.swift */ = {isa = PBXFileReference; fileEncoding = 4; lastKnownFileType = sourcecode.swift; path = Device.swift; sourceTree = "<group>"; };
		71FD3D89247F247F001CC553 /* wiperator.entitlements */ = {isa = PBXFileReference; lastKnownFileType = text.plist.entitlements; path = wiperator.entitlements; sourceTree = "<group>"; };
		71FD3D8D247F4155001CC553 /* DeviceListView.swift */ = {isa = PBXFileReference; lastKnownFileType = sourcecode.swift; path = DeviceListView.swift; sourceTree = "<group>"; };
		71FD3D8F247F465F001CC553 /* URLBuilder.swift */ = {isa = PBXFileReference; lastKnownFileType = sourcecode.swift; path = URLBuilder.swift; sourceTree = "<group>"; };
		71FD3D92247F46A7001CC553 /* ContentViewModel.swift */ = {isa = PBXFileReference; lastKnownFileType = sourcecode.swift; path = ContentViewModel.swift; sourceTree = "<group>"; };
/* End PBXFileReference section */

/* Begin PBXFrameworksBuildPhase section */
		71FD3D49247F241C001CC553 /* Frameworks */ = {
			isa = PBXFrameworksBuildPhase;
			buildActionMask = 2147483647;
			files = (
			);
			runOnlyForDeploymentPostprocessing = 0;
		};
		71FD3D5F247F241E001CC553 /* Frameworks */ = {
			isa = PBXFrameworksBuildPhase;
			buildActionMask = 2147483647;
			files = (
			);
			runOnlyForDeploymentPostprocessing = 0;
		};
		71FD3D6A247F241E001CC553 /* Frameworks */ = {
			isa = PBXFrameworksBuildPhase;
			buildActionMask = 2147483647;
			files = (
			);
			runOnlyForDeploymentPostprocessing = 0;
		};
/* End PBXFrameworksBuildPhase section */

/* Begin PBXGroup section */
		710DB8D82482E86C0064B088 /* Source */ = {
			isa = PBXGroup;
			children = (
				71FD3D4F247F241C001CC553 /* AppDelegate.swift */,
				71FD3D51247F241C001CC553 /* SceneDelegate.swift */,
				71FD3D8C247F403E001CC553 /* Views */,
				71FD3D91247F469A001CC553 /* ViewModel */,
				71FD3D86247F246B001CC553 /* Models */,
				71FD3D7F247F2461001CC553 /* Extensions */,
			);
			path = Source;
			sourceTree = "<group>";
		};
		710DB8DB248351C20064B088 /* External */ = {
			isa = PBXGroup;
			children = (
				710DB8DC248351D40064B088 /* CodeScannerView.swift */,
			);
			path = External;
			sourceTree = "<group>";
		};
		71FD3D43247F241C001CC553 = {
			isa = PBXGroup;
			children = (
				71FD3D4E247F241C001CC553 /* wiperator */,
				71FD3D65247F241E001CC553 /* wiperatorTests */,
				71FD3D70247F241E001CC553 /* wiperatorUITests */,
				71FD3D4D247F241C001CC553 /* Products */,
			);
			sourceTree = "<group>";
		};
		71FD3D4D247F241C001CC553 /* Products */ = {
			isa = PBXGroup;
			children = (
				71FD3D4C247F241C001CC553 /* Wiperator.app */,
				71FD3D62247F241E001CC553 /* wiperatorTests.xctest */,
				71FD3D6D247F241E001CC553 /* wiperatorUITests.xctest */,
			);
			name = Products;
			sourceTree = "<group>";
		};
		71FD3D4E247F241C001CC553 /* wiperator */ = {
			isa = PBXGroup;
			children = (
				710DB8DB248351C20064B088 /* External */,
				710DB8D82482E86C0064B088 /* Source */,
				71FD3D89247F247F001CC553 /* wiperator.entitlements */,
				71FD3D55247F241E001CC553 /* Assets.xcassets */,
				71FD3D5A247F241E001CC553 /* LaunchScreen.storyboard */,
				71FD3D5D247F241E001CC553 /* Info.plist */,
				71FD3D57247F241E001CC553 /* Preview Content */,
				71FD3D8F247F465F001CC553 /* URLBuilder.swift */,
			);
			path = wiperator;
			sourceTree = "<group>";
		};
		71FD3D57247F241E001CC553 /* Preview Content */ = {
			isa = PBXGroup;
			children = (
				71FD3D58247F241E001CC553 /* Preview Assets.xcassets */,
			);
			path = "Preview Content";
			sourceTree = "<group>";
		};
		71FD3D65247F241E001CC553 /* wiperatorTests */ = {
			isa = PBXGroup;
			children = (
				71FD3D66247F241E001CC553 /* wiperatorTests.swift */,
				71FD3D68247F241E001CC553 /* Info.plist */,
			);
			path = wiperatorTests;
			sourceTree = "<group>";
		};
		71FD3D70247F241E001CC553 /* wiperatorUITests */ = {
			isa = PBXGroup;
			children = (
				71FD3D71247F241E001CC553 /* wiperatorUITests.swift */,
				71FD3D73247F241E001CC553 /* Info.plist */,
			);
			path = wiperatorUITests;
			sourceTree = "<group>";
		};
		71FD3D7F247F2461001CC553 /* Extensions */ = {
			isa = PBXGroup;
			children = (
				71FD3D80247F2461001CC553 /* URLSessionExtension.swift */,
				71FD3D81247F2461001CC553 /* StringExtension.swift */,
				71FD3D82247F2461001CC553 /* URLRequestExtension.swift */,
				711BED02248F1DEE00D15CC9 /* DataTaskError.swift */,
			);
			path = Extensions;
			sourceTree = "<group>";
		};
		71FD3D86247F246B001CC553 /* Models */ = {
			isa = PBXGroup;
			children = (
				710DB8D62482E6260064B088 /* KeychainError.swift */,
				71FD3D87247F246B001CC553 /* Device.swift */,
				713F1A4F248194CE00E24C40 /* SearchModel.swift */,
				719E6605248485D50040ABD9 /* Credentials.swift */,
				71F70589248DC03B0089387E /* WipeRequest.swift */,
				71F7058B248DC07A0089387E /* DeviceUpdateRequest.swift */,
				71F7058D248DC0D30089387E /* JSResponse.swift */,
			);
			path = Models;
			sourceTree = "<group>";
		};
		71FD3D8C247F403E001CC553 /* Views */ = {
			isa = PBXGroup;
			children = (
				71FD3D53247F241C001CC553 /* ContentView.swift */,
				71FD3D8D247F4155001CC553 /* DeviceListView.swift */,
				71E1C276247F6BFE00113824 /* InfoSheetView.swift */,
				71E1C278247F6E6A00113824 /* OptionSheet.swift */,
				71F70591248DEE760089387E /* DeviceDetailView.swift */,
				719E6601248481740040ABD9 /* LoginView.swift */,
			);
			path = Views;
			sourceTree = "<group>";
		};
		71FD3D91247F469A001CC553 /* ViewModel */ = {
			isa = PBXGroup;
			children = (
				71FD3D92247F46A7001CC553 /* ContentViewModel.swift */,
				719E6603248481ED0040ABD9 /* LoginViewModel.swift */,
				71CBCC6224916A3E00F8A2E7 /* DeviceDetailViewModel.swift */,
			);
			path = ViewModel;
			sourceTree = "<group>";
		};
/* End PBXGroup section */

/* Begin PBXNativeTarget section */
		71FD3D4B247F241C001CC553 /* wiperator */ = {
			isa = PBXNativeTarget;
			buildConfigurationList = 71FD3D76247F241E001CC553 /* Build configuration list for PBXNativeTarget "wiperator" */;
			buildPhases = (
				71FD3D48247F241C001CC553 /* Sources */,
				71FD3D49247F241C001CC553 /* Frameworks */,
				71FD3D4A247F241C001CC553 /* Resources */,
			);
			buildRules = (
			);
			dependencies = (
			);
			name = wiperator;
			productName = wiperator;
			productReference = 71FD3D4C247F241C001CC553 /* Wiperator.app */;
			productType = "com.apple.product-type.application";
		};
		71FD3D61247F241E001CC553 /* wiperatorTests */ = {
			isa = PBXNativeTarget;
			buildConfigurationList = 71FD3D79247F241E001CC553 /* Build configuration list for PBXNativeTarget "wiperatorTests" */;
			buildPhases = (
				71FD3D5E247F241E001CC553 /* Sources */,
				71FD3D5F247F241E001CC553 /* Frameworks */,
				71FD3D60247F241E001CC553 /* Resources */,
			);
			buildRules = (
			);
			dependencies = (
				71FD3D64247F241E001CC553 /* PBXTargetDependency */,
			);
			name = wiperatorTests;
			productName = wiperatorTests;
			productReference = 71FD3D62247F241E001CC553 /* wiperatorTests.xctest */;
			productType = "com.apple.product-type.bundle.unit-test";
		};
		71FD3D6C247F241E001CC553 /* wiperatorUITests */ = {
			isa = PBXNativeTarget;
			buildConfigurationList = 71FD3D7C247F241E001CC553 /* Build configuration list for PBXNativeTarget "wiperatorUITests" */;
			buildPhases = (
				71FD3D69247F241E001CC553 /* Sources */,
				71FD3D6A247F241E001CC553 /* Frameworks */,
				71FD3D6B247F241E001CC553 /* Resources */,
			);
			buildRules = (
			);
			dependencies = (
				71FD3D6F247F241E001CC553 /* PBXTargetDependency */,
			);
			name = wiperatorUITests;
			productName = wiperatorUITests;
			productReference = 71FD3D6D247F241E001CC553 /* wiperatorUITests.xctest */;
			productType = "com.apple.product-type.bundle.ui-testing";
		};
/* End PBXNativeTarget section */

/* Begin PBXProject section */
		71FD3D44247F241C001CC553 /* Project object */ = {
			isa = PBXProject;
			attributes = {
				LastSwiftUpdateCheck = 1150;
				LastUpgradeCheck = 1150;
				ORGANIZATIONNAME = Pirklator;
				TargetAttributes = {
					71FD3D4B247F241C001CC553 = {
						CreatedOnToolsVersion = 11.5;
					};
					71FD3D61247F241E001CC553 = {
						CreatedOnToolsVersion = 11.5;
						TestTargetID = 71FD3D4B247F241C001CC553;
					};
					71FD3D6C247F241E001CC553 = {
						CreatedOnToolsVersion = 11.5;
						TestTargetID = 71FD3D4B247F241C001CC553;
					};
				};
			};
			buildConfigurationList = 71FD3D47247F241C001CC553 /* Build configuration list for PBXProject "wiperator" */;
			compatibilityVersion = "Xcode 9.3";
			developmentRegion = en;
			hasScannedForEncodings = 0;
			knownRegions = (
				en,
				Base,
			);
			mainGroup = 71FD3D43247F241C001CC553;
			productRefGroup = 71FD3D4D247F241C001CC553 /* Products */;
			projectDirPath = "";
			projectRoot = "";
			targets = (
				71FD3D4B247F241C001CC553 /* wiperator */,
				71FD3D61247F241E001CC553 /* wiperatorTests */,
				71FD3D6C247F241E001CC553 /* wiperatorUITests */,
			);
		};
/* End PBXProject section */

/* Begin PBXResourcesBuildPhase section */
		71FD3D4A247F241C001CC553 /* Resources */ = {
			isa = PBXResourcesBuildPhase;
			buildActionMask = 2147483647;
			files = (
				71FD3D5C247F241E001CC553 /* LaunchScreen.storyboard in Resources */,
				71FD3D59247F241E001CC553 /* Preview Assets.xcassets in Resources */,
				71FD3D56247F241E001CC553 /* Assets.xcassets in Resources */,
			);
			runOnlyForDeploymentPostprocessing = 0;
		};
		71FD3D60247F241E001CC553 /* Resources */ = {
			isa = PBXResourcesBuildPhase;
			buildActionMask = 2147483647;
			files = (
			);
			runOnlyForDeploymentPostprocessing = 0;
		};
		71FD3D6B247F241E001CC553 /* Resources */ = {
			isa = PBXResourcesBuildPhase;
			buildActionMask = 2147483647;
			files = (
			);
			runOnlyForDeploymentPostprocessing = 0;
		};
/* End PBXResourcesBuildPhase section */

/* Begin PBXSourcesBuildPhase section */
		71FD3D48247F241C001CC553 /* Sources */ = {
			isa = PBXSourcesBuildPhase;
			buildActionMask = 2147483647;
			files = (
				71CBCC6324916A3E00F8A2E7 /* DeviceDetailViewModel.swift in Sources */,
				713F1A50248194CE00E24C40 /* SearchModel.swift in Sources */,
				710DB8D72482E6260064B088 /* KeychainError.swift in Sources */,
				710DB8DD248351D40064B088 /* CodeScannerView.swift in Sources */,
				71FD3D83247F2461001CC553 /* URLSessionExtension.swift in Sources */,
				71F7058C248DC07A0089387E /* DeviceUpdateRequest.swift in Sources */,
				71F70592248DEE760089387E /* DeviceDetailView.swift in Sources */,
				711BED03248F1DEE00D15CC9 /* DataTaskError.swift in Sources */,
				71FD3D50247F241C001CC553 /* AppDelegate.swift in Sources */,
				71F7058E248DC0D30089387E /* JSResponse.swift in Sources */,
				71FD3D88247F246B001CC553 /* Device.swift in Sources */,
				71E1C279247F6E6A00113824 /* OptionSheet.swift in Sources */,
				71FD3D84247F2461001CC553 /* StringExtension.swift in Sources */,
				719E6604248481ED0040ABD9 /* LoginViewModel.swift in Sources */,
				71FD3D85247F2461001CC553 /* URLRequestExtension.swift in Sources */,
				71FD3D90247F465F001CC553 /* URLBuilder.swift in Sources */,
				719E6602248481740040ABD9 /* LoginView.swift in Sources */,
				71FD3D52247F241C001CC553 /* SceneDelegate.swift in Sources */,
				719E6606248485D50040ABD9 /* Credentials.swift in Sources */,
				71FD3D93247F46A7001CC553 /* ContentViewModel.swift in Sources */,
				71FD3D8E247F4155001CC553 /* DeviceListView.swift in Sources */,
				71FD3D54247F241C001CC553 /* ContentView.swift in Sources */,
				71F7058A248DC03B0089387E /* WipeRequest.swift in Sources */,
				71E1C277247F6BFE00113824 /* InfoSheetView.swift in Sources */,
			);
			runOnlyForDeploymentPostprocessing = 0;
		};
		71FD3D5E247F241E001CC553 /* Sources */ = {
			isa = PBXSourcesBuildPhase;
			buildActionMask = 2147483647;
			files = (
				71FD3D67247F241E001CC553 /* wiperatorTests.swift in Sources */,
			);
			runOnlyForDeploymentPostprocessing = 0;
		};
		71FD3D69247F241E001CC553 /* Sources */ = {
			isa = PBXSourcesBuildPhase;
			buildActionMask = 2147483647;
			files = (
				71FD3D72247F241E001CC553 /* wiperatorUITests.swift in Sources */,
			);
			runOnlyForDeploymentPostprocessing = 0;
		};
/* End PBXSourcesBuildPhase section */

/* Begin PBXTargetDependency section */
		71FD3D64247F241E001CC553 /* PBXTargetDependency */ = {
			isa = PBXTargetDependency;
			target = 71FD3D4B247F241C001CC553 /* wiperator */;
			targetProxy = 71FD3D63247F241E001CC553 /* PBXContainerItemProxy */;
		};
		71FD3D6F247F241E001CC553 /* PBXTargetDependency */ = {
			isa = PBXTargetDependency;
			target = 71FD3D4B247F241C001CC553 /* wiperator */;
			targetProxy = 71FD3D6E247F241E001CC553 /* PBXContainerItemProxy */;
		};
/* End PBXTargetDependency section */

/* Begin PBXVariantGroup section */
		71FD3D5A247F241E001CC553 /* LaunchScreen.storyboard */ = {
			isa = PBXVariantGroup;
			children = (
				71FD3D5B247F241E001CC553 /* Base */,
			);
			name = LaunchScreen.storyboard;
			sourceTree = "<group>";
		};
/* End PBXVariantGroup section */

/* Begin XCBuildConfiguration section */
		71FD3D74247F241E001CC553 /* Debug */ = {
			isa = XCBuildConfiguration;
			buildSettings = {
				ALWAYS_SEARCH_USER_PATHS = NO;
				CLANG_ANALYZER_NONNULL = YES;
				CLANG_ANALYZER_NUMBER_OBJECT_CONVERSION = YES_AGGRESSIVE;
				CLANG_ANALYZER_SECURITY_KEYCHAIN_API = YES;
				CLANG_CXX_LANGUAGE_STANDARD = "gnu++14";
				CLANG_CXX_LIBRARY = "libc++";
				CLANG_ENABLE_MODULES = YES;
				CLANG_ENABLE_OBJC_ARC = YES;
				CLANG_ENABLE_OBJC_WEAK = YES;
				CLANG_WARN_BLOCK_CAPTURE_AUTORELEASING = YES;
				CLANG_WARN_BOOL_CONVERSION = YES;
				CLANG_WARN_COMMA = YES;
				CLANG_WARN_CONSTANT_CONVERSION = YES;
				CLANG_WARN_DEPRECATED_OBJC_IMPLEMENTATIONS = YES;
				CLANG_WARN_DIRECT_OBJC_ISA_USAGE = YES_ERROR;
				CLANG_WARN_DOCUMENTATION_COMMENTS = YES;
				CLANG_WARN_EMPTY_BODY = YES;
				CLANG_WARN_ENUM_CONVERSION = YES;
				CLANG_WARN_INFINITE_RECURSION = YES;
				CLANG_WARN_INT_CONVERSION = YES;
				CLANG_WARN_NON_LITERAL_NULL_CONVERSION = YES;
				CLANG_WARN_OBJC_IMPLICIT_RETAIN_SELF = YES;
				CLANG_WARN_OBJC_LITERAL_CONVERSION = YES;
				CLANG_WARN_OBJC_ROOT_CLASS = YES_ERROR;
				CLANG_WARN_RANGE_LOOP_ANALYSIS = YES;
				CLANG_WARN_STRICT_PROTOTYPES = YES;
				CLANG_WARN_SUSPICIOUS_MOVE = YES;
				CLANG_WARN_UNGUARDED_AVAILABILITY = YES_AGGRESSIVE;
				CLANG_WARN_UNREACHABLE_CODE = YES;
				CLANG_WARN__DUPLICATE_METHOD_MATCH = YES;
				COPY_PHASE_STRIP = NO;
				DEBUG_INFORMATION_FORMAT = dwarf;
				ENABLE_STRICT_OBJC_MSGSEND = YES;
				ENABLE_TESTABILITY = YES;
				GCC_C_LANGUAGE_STANDARD = gnu11;
				GCC_DYNAMIC_NO_PIC = NO;
				GCC_NO_COMMON_BLOCKS = YES;
				GCC_OPTIMIZATION_LEVEL = 0;
				GCC_PREPROCESSOR_DEFINITIONS = (
					"DEBUG=1",
					"$(inherited)",
				);
				GCC_WARN_64_TO_32_BIT_CONVERSION = YES;
				GCC_WARN_ABOUT_RETURN_TYPE = YES_ERROR;
				GCC_WARN_UNDECLARED_SELECTOR = YES;
				GCC_WARN_UNINITIALIZED_AUTOS = YES_AGGRESSIVE;
				GCC_WARN_UNUSED_FUNCTION = YES;
				GCC_WARN_UNUSED_VARIABLE = YES;
				IPHONEOS_DEPLOYMENT_TARGET = 13.5;
				MTL_ENABLE_DEBUG_INFO = INCLUDE_SOURCE;
				MTL_FAST_MATH = YES;
				ONLY_ACTIVE_ARCH = YES;
				SDKROOT = iphoneos;
				SWIFT_ACTIVE_COMPILATION_CONDITIONS = DEBUG;
				SWIFT_OPTIMIZATION_LEVEL = "-Onone";
			};
			name = Debug;
		};
		71FD3D75247F241E001CC553 /* Release */ = {
			isa = XCBuildConfiguration;
			buildSettings = {
				ALWAYS_SEARCH_USER_PATHS = NO;
				CLANG_ANALYZER_NONNULL = YES;
				CLANG_ANALYZER_NUMBER_OBJECT_CONVERSION = YES_AGGRESSIVE;
				CLANG_ANALYZER_SECURITY_KEYCHAIN_API = YES;
				CLANG_CXX_LANGUAGE_STANDARD = "gnu++14";
				CLANG_CXX_LIBRARY = "libc++";
				CLANG_ENABLE_MODULES = YES;
				CLANG_ENABLE_OBJC_ARC = YES;
				CLANG_ENABLE_OBJC_WEAK = YES;
				CLANG_WARN_BLOCK_CAPTURE_AUTORELEASING = YES;
				CLANG_WARN_BOOL_CONVERSION = YES;
				CLANG_WARN_COMMA = YES;
				CLANG_WARN_CONSTANT_CONVERSION = YES;
				CLANG_WARN_DEPRECATED_OBJC_IMPLEMENTATIONS = YES;
				CLANG_WARN_DIRECT_OBJC_ISA_USAGE = YES_ERROR;
				CLANG_WARN_DOCUMENTATION_COMMENTS = YES;
				CLANG_WARN_EMPTY_BODY = YES;
				CLANG_WARN_ENUM_CONVERSION = YES;
				CLANG_WARN_INFINITE_RECURSION = YES;
				CLANG_WARN_INT_CONVERSION = YES;
				CLANG_WARN_NON_LITERAL_NULL_CONVERSION = YES;
				CLANG_WARN_OBJC_IMPLICIT_RETAIN_SELF = YES;
				CLANG_WARN_OBJC_LITERAL_CONVERSION = YES;
				CLANG_WARN_OBJC_ROOT_CLASS = YES_ERROR;
				CLANG_WARN_RANGE_LOOP_ANALYSIS = YES;
				CLANG_WARN_STRICT_PROTOTYPES = YES;
				CLANG_WARN_SUSPICIOUS_MOVE = YES;
				CLANG_WARN_UNGUARDED_AVAILABILITY = YES_AGGRESSIVE;
				CLANG_WARN_UNREACHABLE_CODE = YES;
				CLANG_WARN__DUPLICATE_METHOD_MATCH = YES;
				COPY_PHASE_STRIP = NO;
				DEBUG_INFORMATION_FORMAT = "dwarf-with-dsym";
				ENABLE_NS_ASSERTIONS = NO;
				ENABLE_STRICT_OBJC_MSGSEND = YES;
				GCC_C_LANGUAGE_STANDARD = gnu11;
				GCC_NO_COMMON_BLOCKS = YES;
				GCC_WARN_64_TO_32_BIT_CONVERSION = YES;
				GCC_WARN_ABOUT_RETURN_TYPE = YES_ERROR;
				GCC_WARN_UNDECLARED_SELECTOR = YES;
				GCC_WARN_UNINITIALIZED_AUTOS = YES_AGGRESSIVE;
				GCC_WARN_UNUSED_FUNCTION = YES;
				GCC_WARN_UNUSED_VARIABLE = YES;
				IPHONEOS_DEPLOYMENT_TARGET = 13.5;
				MTL_ENABLE_DEBUG_INFO = NO;
				MTL_FAST_MATH = YES;
				SDKROOT = iphoneos;
				SWIFT_COMPILATION_MODE = wholemodule;
				SWIFT_OPTIMIZATION_LEVEL = "-O";
				VALIDATE_PRODUCT = YES;
			};
			name = Release;
		};
		71FD3D77247F241E001CC553 /* Debug */ = {
			isa = XCBuildConfiguration;
			buildSettings = {
				ASSETCATALOG_COMPILER_APPICON_NAME = AppIcon;
				CODE_SIGN_ENTITLEMENTS = wiperator/wiperator.entitlements;
				CODE_SIGN_IDENTITY = "Apple Development";
				"CODE_SIGN_IDENTITY[sdk=macosx*]" = "Apple Development";
				CODE_SIGN_STYLE = Automatic;
				DEVELOPMENT_ASSET_PATHS = "\"wiperator/Preview Content\"";
				DEVELOPMENT_TEAM = 5B77FF9LPA;
				"ENABLE_HARDENED_RUNTIME[sdk=macosx*]" = YES;
				ENABLE_PREVIEWS = YES;
				INFOPLIST_FILE = wiperator/Info.plist;
				IPHONEOS_DEPLOYMENT_TARGET = 13.0;
				LD_RUNPATH_SEARCH_PATHS = (
					"$(inherited)",
					"@executable_path/Frameworks",
				);
				PRODUCT_BUNDLE_IDENTIFIER = com.pirklator.wiperator;
				PRODUCT_NAME = Wiperator;
				PROVISIONING_PROFILE_SPECIFIER = "";
				"PROVISIONING_PROFILE_SPECIFIER[sdk=macosx*]" = "";
				SUPPORTS_MACCATALYST = YES;
				SWIFT_VERSION = 5.0;
				TARGETED_DEVICE_FAMILY = "1,2";
			};
			name = Debug;
		};
		71FD3D78247F241E001CC553 /* Release */ = {
			isa = XCBuildConfiguration;
			buildSettings = {
				ASSETCATALOG_COMPILER_APPICON_NAME = AppIcon;
				CODE_SIGN_ENTITLEMENTS = wiperator/wiperator.entitlements;
				CODE_SIGN_IDENTITY = "Apple Development";
				"CODE_SIGN_IDENTITY[sdk=macosx*]" = "Apple Development";
				CODE_SIGN_STYLE = Automatic;
				DEVELOPMENT_ASSET_PATHS = "\"wiperator/Preview Content\"";
				DEVELOPMENT_TEAM = 5B77FF9LPA;
				"ENABLE_HARDENED_RUNTIME[sdk=macosx*]" = YES;
				ENABLE_PREVIEWS = YES;
				INFOPLIST_FILE = wiperator/Info.plist;
				IPHONEOS_DEPLOYMENT_TARGET = 13.0;
				LD_RUNPATH_SEARCH_PATHS = (
					"$(inherited)",
					"@executable_path/Frameworks",
				);
				PRODUCT_BUNDLE_IDENTIFIER = com.pirklator.wiperator;
				PRODUCT_NAME = Wiperator;
				PROVISIONING_PROFILE_SPECIFIER = "";
				"PROVISIONING_PROFILE_SPECIFIER[sdk=macosx*]" = "";
				SUPPORTS_MACCATALYST = YES;
				SWIFT_VERSION = 5.0;
				TARGETED_DEVICE_FAMILY = "1,2";
			};
			name = Release;
		};
		71FD3D7A247F241E001CC553 /* Debug */ = {
			isa = XCBuildConfiguration;
			buildSettings = {
				ALWAYS_EMBED_SWIFT_STANDARD_LIBRARIES = YES;
				BUNDLE_LOADER = "$(TEST_HOST)";
				CODE_SIGN_STYLE = Automatic;
				INFOPLIST_FILE = wiperatorTests/Info.plist;
				IPHONEOS_DEPLOYMENT_TARGET = 13.5;
				LD_RUNPATH_SEARCH_PATHS = (
					"$(inherited)",
					"@executable_path/Frameworks",
					"@loader_path/Frameworks",
				);
				PRODUCT_BUNDLE_IDENTIFIER = com.pirklator.wiperatorTests;
				PRODUCT_NAME = "$(TARGET_NAME)";
				SWIFT_VERSION = 5.0;
				TARGETED_DEVICE_FAMILY = "1,2";
				TEST_HOST = "$(BUILT_PRODUCTS_DIR)/wiperator.app/wiperator";
			};
			name = Debug;
		};
		71FD3D7B247F241E001CC553 /* Release */ = {
			isa = XCBuildConfiguration;
			buildSettings = {
				ALWAYS_EMBED_SWIFT_STANDARD_LIBRARIES = YES;
				BUNDLE_LOADER = "$(TEST_HOST)";
				CODE_SIGN_STYLE = Automatic;
				INFOPLIST_FILE = wiperatorTests/Info.plist;
				IPHONEOS_DEPLOYMENT_TARGET = 13.5;
				LD_RUNPATH_SEARCH_PATHS = (
					"$(inherited)",
					"@executable_path/Frameworks",
					"@loader_path/Frameworks",
				);
				PRODUCT_BUNDLE_IDENTIFIER = com.pirklator.wiperatorTests;
				PRODUCT_NAME = "$(TARGET_NAME)";
				SWIFT_VERSION = 5.0;
				TARGETED_DEVICE_FAMILY = "1,2";
				TEST_HOST = "$(BUILT_PRODUCTS_DIR)/wiperator.app/wiperator";
			};
			name = Release;
		};
		71FD3D7D247F241E001CC553 /* Debug */ = {
			isa = XCBuildConfiguration;
			buildSettings = {
				ALWAYS_EMBED_SWIFT_STANDARD_LIBRARIES = YES;
				CODE_SIGN_STYLE = Automatic;
				INFOPLIST_FILE = wiperatorUITests/Info.plist;
				LD_RUNPATH_SEARCH_PATHS = (
					"$(inherited)",
					"@executable_path/Frameworks",
					"@loader_path/Frameworks",
				);
				PRODUCT_BUNDLE_IDENTIFIER = com.pirklator.wiperatorUITests;
				PRODUCT_NAME = "$(TARGET_NAME)";
				SWIFT_VERSION = 5.0;
				TARGETED_DEVICE_FAMILY = "1,2";
				TEST_TARGET_NAME = wiperator;
			};
			name = Debug;
		};
		71FD3D7E247F241E001CC553 /* Release */ = {
			isa = XCBuildConfiguration;
			buildSettings = {
				ALWAYS_EMBED_SWIFT_STANDARD_LIBRARIES = YES;
				CODE_SIGN_STYLE = Automatic;
				INFOPLIST_FILE = wiperatorUITests/Info.plist;
				LD_RUNPATH_SEARCH_PATHS = (
					"$(inherited)",
					"@executable_path/Frameworks",
					"@loader_path/Frameworks",
				);
				PRODUCT_BUNDLE_IDENTIFIER = com.pirklator.wiperatorUITests;
				PRODUCT_NAME = "$(TARGET_NAME)";
				SWIFT_VERSION = 5.0;
				TARGETED_DEVICE_FAMILY = "1,2";
				TEST_TARGET_NAME = wiperator;
			};
			name = Release;
		};
/* End XCBuildConfiguration section */

/* Begin XCConfigurationList section */
		71FD3D47247F241C001CC553 /* Build configuration list for PBXProject "wiperator" */ = {
			isa = XCConfigurationList;
			buildConfigurations = (
				71FD3D74247F241E001CC553 /* Debug */,
				71FD3D75247F241E001CC553 /* Release */,
			);
			defaultConfigurationIsVisible = 0;
			defaultConfigurationName = Release;
		};
		71FD3D76247F241E001CC553 /* Build configuration list for PBXNativeTarget "wiperator" */ = {
			isa = XCConfigurationList;
			buildConfigurations = (
				71FD3D77247F241E001CC553 /* Debug */,
				71FD3D78247F241E001CC553 /* Release */,
			);
			defaultConfigurationIsVisible = 0;
			defaultConfigurationName = Release;
		};
		71FD3D79247F241E001CC553 /* Build configuration list for PBXNativeTarget "wiperatorTests" */ = {
			isa = XCConfigurationList;
			buildConfigurations = (
				71FD3D7A247F241E001CC553 /* Debug */,
				71FD3D7B247F241E001CC553 /* Release */,
			);
			defaultConfigurationIsVisible = 0;
			defaultConfigurationName = Release;
		};
		71FD3D7C247F241E001CC553 /* Build configuration list for PBXNativeTarget "wiperatorUITests" */ = {
			isa = XCConfigurationList;
			buildConfigurations = (
				71FD3D7D247F241E001CC553 /* Debug */,
				71FD3D7E247F241E001CC553 /* Release */,
			);
			defaultConfigurationIsVisible = 0;
			defaultConfigurationName = Release;
		};
/* End XCConfigurationList section */
	};
	rootObject = 71FD3D44247F241C001CC553 /* Project object */;
}
